
Microsoft Visual Studio Solution File, Format Version 12.00
# Visual Studio 15
VisualStudioVersion = 15.0.27428.2015
MinimumVisualStudioVersion = 10.0.40219.1
Project("{9A19103F-16F7-4668-BE54-9A1E7A4F7556}") = "01. Remove Negatives and Reverse", "01. Remove Negatives and Reverse\01. Remove Negatives and Reverse.csproj", "{A76C0F29-C59D-407B-A483-E8EC587BE202}"
EndProject
Project("{9A19103F-16F7-4668-BE54-9A1E7A4F7556}") = "02. Append Lists", "02. Append Lists\02. Append Lists.csproj", "{363D3CC3-0C4D-4D24-8D62-6E893B47A3D1}"
EndProject
Project("{9A19103F-16F7-4668-BE54-9A1E7A4F7556}") = "03. Sum Adjacent Equal Numbers", "03. Sum Adjacent Equal Numbers\03. Sum Adjacent Equal Numbers.csproj", "{37670548-6DFC-450D-8485-9814AF6B467F}"
EndProject
Project("{9A19103F-16F7-4668-BE54-9A1E7A4F7556}") = "04. Split by Word Casing", "04. Split by Word Casing\04. Split by Word Casing.csproj", "{5B0BE1D7-EDDC-45DE-8C29-ED80DE526B58}"
EndProject
Project("{9A19103F-16F7-4668-BE54-9A1E7A4F7556}") = "05. Sort Numbers", "05. Sort Numbers\05. Sort Numbers.csproj", "{56B502BA-0888-4E06-8F54-0B41456B358D}"
EndProject
Project("{9A19103F-16F7-4668-BE54-9A1E7A4F7556}") = "06. Square Numbers", "06. Square Numbers\06. Square Numbers.csproj", "{82288586-0317-4F0D-88C4-F486438A236B}"
EndProject
Project("{9A19103F-16F7-4668-BE54-9A1E7A4F7556}") = "07. Count Numbers", "07. Count Numbers\07. Count Numbers.csproj", "{88383A5A-9536-4EBC-B580-BB443A82A9B2}"
EndProject
Global
	GlobalSection(SolutionConfigurationPlatforms) = preSolution
		Debug|Any CPU = Debug|Any CPU
		Release|Any CPU = Release|Any CPU
	EndGlobalSection
	GlobalSection(ProjectConfigurationPlatforms) = postSolution
		{A76C0F29-C59D-407B-A483-E8EC587BE202}.Debug|Any CPU.ActiveCfg = Debug|Any CPU
		{A76C0F29-C59D-407B-A483-E8EC587BE202}.Debug|Any CPU.Build.0 = Debug|Any CPU
		{A76C0F29-C59D-407B-A483-E8EC587BE202}.Release|Any CPU.ActiveCfg = Release|Any CPU
		{A76C0F29-C59D-407B-A483-E8EC587BE202}.Release|Any CPU.Build.0 = Release|Any CPU
		{363D3CC3-0C4D-4D24-8D62-6E893B47A3D1}.Debug|Any CPU.ActiveCfg = Debug|Any CPU
		{363D3CC3-0C4D-4D24-8D62-6E893B47A3D1}.Debug|Any CPU.Build.0 = Debug|Any CPU
		{363D3CC3-0C4D-4D24-8D62-6E893B47A3D1}.Release|Any CPU.ActiveCfg = Release|Any CPU
		{363D3CC3-0C4D-4D24-8D62-6E893B47A3D1}.Release|Any CPU.Build.0 = Release|Any CPU
		{37670548-6DFC-450D-8485-9814AF6B467F}.Debug|Any CPU.ActiveCfg = Debug|Any CPU
		{37670548-6DFC-450D-8485-9814AF6B467F}.Debug|Any CPU.Build.0 = Debug|Any CPU
		{37670548-6DFC-450D-8485-9814AF6B467F}.Release|Any CPU.ActiveCfg = Release|Any CPU
		{37670548-6DFC-450D-8485-9814AF6B467F}.Release|Any CPU.Build.0 = Release|Any CPU
		{5B0BE1D7-EDDC-45DE-8C29-ED80DE526B58}.Debug|Any CPU.ActiveCfg = Debug|Any CPU
		{5B0BE1D7-EDDC-45DE-8C29-ED80DE526B58}.Debug|Any CPU.Build.0 = Debug|Any CPU
		{5B0BE1D7-EDDC-45DE-8C29-ED80DE526B58}.Release|Any CPU.ActiveCfg = Release|Any CPU
		{5B0BE1D7-EDDC-45DE-8C29-ED80DE526B58}.Release|Any CPU.Build.0 = Release|Any CPU
		{56B502BA-0888-4E06-8F54-0B41456B358D}.Debug|Any CPU.ActiveCfg = Debug|Any CPU
		{56B502BA-0888-4E06-8F54-0B41456B358D}.Debug|Any CPU.Build.0 = Debug|Any CPU
		{56B502BA-0888-4E06-8F54-0B41456B358D}.Release|Any CPU.ActiveCfg = Release|Any CPU
		{56B502BA-0888-4E06-8F54-0B41456B358D}.Release|Any CPU.Build.0 = Release|Any CPU
		{82288586-0317-4F0D-88C4-F486438A236B}.Debug|Any CPU.ActiveCfg = Debug|Any CPU
		{82288586-0317-4F0D-88C4-F486438A236B}.Debug|Any CPU.Build.0 = Debug|Any CPU
		{82288586-0317-4F0D-88C4-F486438A236B}.Release|Any CPU.ActiveCfg = Release|Any CPU
		{82288586-0317-4F0D-88C4-F486438A236B}.Release|Any CPU.Build.0 = Release|Any CPU
		{88383A5A-9536-4EBC-B580-BB443A82A9B2}.Debug|Any CPU.ActiveCfg = Debug|Any CPU
		{88383A5A-9536-4EBC-B580-BB443A82A9B2}.Debug|Any CPU.Build.0 = Debug|Any CPU
		{88383A5A-9536-4EBC-B580-BB443A82A9B2}.Release|Any CPU.ActiveCfg = Release|Any CPU
		{88383A5A-9536-4EBC-B580-BB443A82A9B2}.Release|Any CPU.Build.0 = Release|Any CPU
	EndGlobalSection
	GlobalSection(SolutionProperties) = preSolution
		HideSolutionNode = FALSE
	EndGlobalSection
	GlobalSection(ExtensibilityGlobals) = postSolution
		SolutionGuid = {9BA065DF-0A69-4C6A-AED1-836D402AFD6F}
	EndGlobalSection
EndGlobal
